// !$*UTF8*$!
{
	archiveVersion = 1;
	classes = {
	};
	objectVersion = 46;
	objects = {

/* Begin PBXBuildFile section */
		B25A0FB91C09C6D30011190E /* AppDelegate.swift in Sources */ = {isa = PBXBuildFile; fileRef = B25A0FB81C09C6D30011190E /* AppDelegate.swift */; };
		B25A0FBB1C09C6D30011190E /* MenuScene.sks in Resources */ = {isa = PBXBuildFile; fileRef = B25A0FBA1C09C6D30011190E /* MenuScene.sks */; };
		B25A0FBD1C09C6D30011190E /* GameScene.swift in Sources */ = {isa = PBXBuildFile; fileRef = B25A0FBC1C09C6D30011190E /* GameScene.swift */; };
		B25A0FBF1C09C6D30011190E /* GameViewController.swift in Sources */ = {isa = PBXBuildFile; fileRef = B25A0FBE1C09C6D30011190E /* GameViewController.swift */; };
		B25A0FC21C09C6D30011190E /* Main.storyboard in Resources */ = {isa = PBXBuildFile; fileRef = B25A0FC01C09C6D30011190E /* Main.storyboard */; };
		B25A0FC41C09C6D30011190E /* Assets.xcassets in Resources */ = {isa = PBXBuildFile; fileRef = B25A0FC31C09C6D30011190E /* Assets.xcassets */; };
		B25A0FC71C09C6D30011190E /* LaunchScreen.storyboard in Resources */ = {isa = PBXBuildFile; fileRef = B25A0FC51C09C6D30011190E /* LaunchScreen.storyboard */; };
		B25A0FD21C09C6D30011190E /* FruitTests.swift in Sources */ = {isa = PBXBuildFile; fileRef = B25A0FD11C09C6D30011190E /* FruitTests.swift */; };
		B25A0FDD1C09C6D30011190E /* FruitUITests.swift in Sources */ = {isa = PBXBuildFile; fileRef = B25A0FDC1C09C6D30011190E /* FruitUITests.swift */; };
		B25A10001C09CE9C0011190E /* explosion.caf in Resources */ = {isa = PBXBuildFile; fileRef = B25A0FEB1C09CE9C0011190E /* explosion.caf */; settings = {ASSET_TAGS = (); }; };
		B25A10011C09CE9C0011190E /* explosion.caf in Resources */ = {isa = PBXBuildFile; fileRef = B25A0FEB1C09CE9C0011190E /* explosion.caf */; settings = {ASSET_TAGS = (); }; };
		B25A10021C09CE9C0011190E /* explosion.caf in Resources */ = {isa = PBXBuildFile; fileRef = B25A0FEB1C09CE9C0011190E /* explosion.caf */; settings = {ASSET_TAGS = (); }; };
		B25A10031C09CE9C0011190E /* launch.caf in Resources */ = {isa = PBXBuildFile; fileRef = B25A0FEC1C09CE9C0011190E /* launch.caf */; settings = {ASSET_TAGS = (); }; };
		B25A10041C09CE9C0011190E /* launch.caf in Resources */ = {isa = PBXBuildFile; fileRef = B25A0FEC1C09CE9C0011190E /* launch.caf */; settings = {ASSET_TAGS = (); }; };
		B25A10051C09CE9C0011190E /* launch.caf in Resources */ = {isa = PBXBuildFile; fileRef = B25A0FEC1C09CE9C0011190E /* launch.caf */; settings = {ASSET_TAGS = (); }; };
		B25A10151C09CE9C0011190E /* sliceBombFuse.caf in Resources */ = {isa = PBXBuildFile; fileRef = B25A0FF21C09CE9C0011190E /* sliceBombFuse.caf */; settings = {ASSET_TAGS = (); }; };
		B25A10161C09CE9C0011190E /* sliceBombFuse.caf in Resources */ = {isa = PBXBuildFile; fileRef = B25A0FF21C09CE9C0011190E /* sliceBombFuse.caf */; settings = {ASSET_TAGS = (); }; };
		B25A10171C09CE9C0011190E /* sliceBombFuse.caf in Resources */ = {isa = PBXBuildFile; fileRef = B25A0FF21C09CE9C0011190E /* sliceBombFuse.caf */; settings = {ASSET_TAGS = (); }; };
		B25A10181C09CE9C0011190E /* sliceFuse.sks in Resources */ = {isa = PBXBuildFile; fileRef = B25A0FF31C09CE9C0011190E /* sliceFuse.sks */; settings = {ASSET_TAGS = (); }; };
		B25A10191C09CE9C0011190E /* sliceFuse.sks in Resources */ = {isa = PBXBuildFile; fileRef = B25A0FF31C09CE9C0011190E /* sliceFuse.sks */; settings = {ASSET_TAGS = (); }; };
		B25A101A1C09CE9C0011190E /* sliceFuse.sks in Resources */ = {isa = PBXBuildFile; fileRef = B25A0FF31C09CE9C0011190E /* sliceFuse.sks */; settings = {ASSET_TAGS = (); }; };
		B25A101B1C09CE9C0011190E /* sliceHitBomb.sks in Resources */ = {isa = PBXBuildFile; fileRef = B25A0FF41C09CE9C0011190E /* sliceHitBomb.sks */; settings = {ASSET_TAGS = (); }; };
		B25A101C1C09CE9C0011190E /* sliceHitBomb.sks in Resources */ = {isa = PBXBuildFile; fileRef = B25A0FF41C09CE9C0011190E /* sliceHitBomb.sks */; settings = {ASSET_TAGS = (); }; };
		B25A101D1C09CE9C0011190E /* sliceHitBomb.sks in Resources */ = {isa = PBXBuildFile; fileRef = B25A0FF41C09CE9C0011190E /* sliceHitBomb.sks */; settings = {ASSET_TAGS = (); }; };
		B25A101E1C09CE9C0011190E /* sliceHitEnemy.sks in Resources */ = {isa = PBXBuildFile; fileRef = B25A0FF51C09CE9C0011190E /* sliceHitEnemy.sks */; settings = {ASSET_TAGS = (); }; };
		B25A101F1C09CE9C0011190E /* sliceHitEnemy.sks in Resources */ = {isa = PBXBuildFile; fileRef = B25A0FF51C09CE9C0011190E /* sliceHitEnemy.sks */; settings = {ASSET_TAGS = (); }; };
		B25A10201C09CE9C0011190E /* sliceHitEnemy.sks in Resources */ = {isa = PBXBuildFile; fileRef = B25A0FF51C09CE9C0011190E /* sliceHitEnemy.sks */; settings = {ASSET_TAGS = (); }; };
		B25A10301C09CE9C0011190E /* swoosh1.caf in Resources */ = {isa = PBXBuildFile; fileRef = B25A0FFB1C09CE9C0011190E /* swoosh1.caf */; settings = {ASSET_TAGS = (); }; };
		B25A10311C09CE9C0011190E /* swoosh1.caf in Resources */ = {isa = PBXBuildFile; fileRef = B25A0FFB1C09CE9C0011190E /* swoosh1.caf */; settings = {ASSET_TAGS = (); }; };
		B25A10321C09CE9C0011190E /* swoosh1.caf in Resources */ = {isa = PBXBuildFile; fileRef = B25A0FFB1C09CE9C0011190E /* swoosh1.caf */; settings = {ASSET_TAGS = (); }; };
		B25A10331C09CE9C0011190E /* swoosh2.caf in Resources */ = {isa = PBXBuildFile; fileRef = B25A0FFC1C09CE9C0011190E /* swoosh2.caf */; settings = {ASSET_TAGS = (); }; };
		B25A10341C09CE9C0011190E /* swoosh2.caf in Resources */ = {isa = PBXBuildFile; fileRef = B25A0FFC1C09CE9C0011190E /* swoosh2.caf */; settings = {ASSET_TAGS = (); }; };
		B25A10351C09CE9C0011190E /* swoosh2.caf in Resources */ = {isa = PBXBuildFile; fileRef = B25A0FFC1C09CE9C0011190E /* swoosh2.caf */; settings = {ASSET_TAGS = (); }; };
		B25A10361C09CE9C0011190E /* swoosh3.caf in Resources */ = {isa = PBXBuildFile; fileRef = B25A0FFD1C09CE9C0011190E /* swoosh3.caf */; settings = {ASSET_TAGS = (); }; };
		B25A10371C09CE9C0011190E /* swoosh3.caf in Resources */ = {isa = PBXBuildFile; fileRef = B25A0FFD1C09CE9C0011190E /* swoosh3.caf */; settings = {ASSET_TAGS = (); }; };
		B25A10381C09CE9C0011190E /* swoosh3.caf in Resources */ = {isa = PBXBuildFile; fileRef = B25A0FFD1C09CE9C0011190E /* swoosh3.caf */; settings = {ASSET_TAGS = (); }; };
		B25A10391C09CE9C0011190E /* whack.caf in Resources */ = {isa = PBXBuildFile; fileRef = B25A0FFE1C09CE9C0011190E /* whack.caf */; settings = {ASSET_TAGS = (); }; };
		B25A103A1C09CE9C0011190E /* whack.caf in Resources */ = {isa = PBXBuildFile; fileRef = B25A0FFE1C09CE9C0011190E /* whack.caf */; settings = {ASSET_TAGS = (); }; };
		B25A103B1C09CE9C0011190E /* whack.caf in Resources */ = {isa = PBXBuildFile; fileRef = B25A0FFE1C09CE9C0011190E /* whack.caf */; settings = {ASSET_TAGS = (); }; };
		B25A103C1C09CE9C0011190E /* wrong.caf in Resources */ = {isa = PBXBuildFile; fileRef = B25A0FFF1C09CE9C0011190E /* wrong.caf */; settings = {ASSET_TAGS = (); }; };
		B25A103D1C09CE9C0011190E /* wrong.caf in Resources */ = {isa = PBXBuildFile; fileRef = B25A0FFF1C09CE9C0011190E /* wrong.caf */; settings = {ASSET_TAGS = (); }; };
		B25A103E1C09CE9C0011190E /* wrong.caf in Resources */ = {isa = PBXBuildFile; fileRef = B25A0FFF1C09CE9C0011190E /* wrong.caf */; settings = {ASSET_TAGS = (); }; };
		B25A10401C09D61B0011190E /* Constants.swift in Sources */ = {isa = PBXBuildFile; fileRef = B25A103F1C09D61B0011190E /* Constants.swift */; settings = {ASSET_TAGS = (); }; };
		B25A10411C09D61B0011190E /* Constants.swift in Sources */ = {isa = PBXBuildFile; fileRef = B25A103F1C09D61B0011190E /* Constants.swift */; settings = {ASSET_TAGS = (); }; };
		B25A10421C09D61B0011190E /* Constants.swift in Sources */ = {isa = PBXBuildFile; fileRef = B25A103F1C09D61B0011190E /* Constants.swift */; settings = {ASSET_TAGS = (); }; };
		B25D49CF1C11B10000AA63D6 /* RopeData1.plist in Resources */ = {isa = PBXBuildFile; fileRef = B25D49CE1C11B10000AA63D6 /* RopeData1.plist */; settings = {ASSET_TAGS = (); }; };
		B25D49D11C11B1FB00AA63D6 /* Rope.swift in Sources */ = {isa = PBXBuildFile; fileRef = B25D49D01C11B1FB00AA63D6 /* Rope.swift */; settings = {ASSET_TAGS = (); }; };
		B25D49D31C11BE6900AA63D6 /* RopeData2.plist in Resources */ = {isa = PBXBuildFile; fileRef = B25D49D21C11BE6900AA63D6 /* RopeData2.plist */; settings = {ASSET_TAGS = (); }; };
		B25D49D51C11CFB500AA63D6 /* Particle.sks in Resources */ = {isa = PBXBuildFile; fileRef = B25D49D41C11CFB500AA63D6 /* Particle.sks */; settings = {ASSET_TAGS = (); }; };
		B25D49D71C11D01100AA63D6 /* Particle.png in Resources */ = {isa = PBXBuildFile; fileRef = B25D49D61C11D01100AA63D6 /* Particle.png */; settings = {ASSET_TAGS = (); }; };
		B25D49D91C11D01C00AA63D6 /* Particle2.png in Resources */ = {isa = PBXBuildFile; fileRef = B25D49D81C11D01C00AA63D6 /* Particle2.png */; settings = {ASSET_TAGS = (); }; };
		B2F8B35A1C0F0EDA00E5EEA1 /* Ref.swift in Sources */ = {isa = PBXBuildFile; fileRef = B2F8B3591C0F0EDA00E5EEA1 /* Ref.swift */; settings = {ASSET_TAGS = (); }; };
		B2F8B35D1C0F337A00E5EEA1 /* test.sks in Resources */ = {isa = PBXBuildFile; fileRef = B2F8B35B1C0F337A00E5EEA1 /* test.sks */; settings = {ASSET_TAGS = (); }; };
		F489ED341C15794A00889676 /* Enemy.swift in Sources */ = {isa = PBXBuildFile; fileRef = F489ED331C15794A00889676 /* Enemy.swift */; settings = {ASSET_TAGS = (); }; };
		F489ED361C158C8300889676 /* Prize.swift in Sources */ = {isa = PBXBuildFile; fileRef = F489ED351C158C8300889676 /* Prize.swift */; settings = {ASSET_TAGS = (); }; };
		F489ED381C15AF5B00889676 /* background.sks in Resources */ = {isa = PBXBuildFile; fileRef = F489ED371C15AF5B00889676 /* background.sks */; settings = {ASSET_TAGS = (); }; };
		F4EDC1061C16EEF2002726F7 /* MenuScene.swift in Sources */ = {isa = PBXBuildFile; fileRef = F4EDC1051C16EEF2002726F7 /* MenuScene.swift */; settings = {ASSET_TAGS = (); }; };
		F4EDC10A1C16F7B6002726F7 /* AnimeNode.swift in Sources */ = {isa = PBXBuildFile; fileRef = F4EDC1091C16F7B6002726F7 /* AnimeNode.swift */; settings = {ASSET_TAGS = (); }; };
		F4EDC10E1C1714DE002726F7 /* ButtonNode.swift in Sources */ = {isa = PBXBuildFile; fileRef = F4EDC10D1C1714DE002726F7 /* ButtonNode.swift */; settings = {ASSET_TAGS = (); }; };
		F4EDC1101C182FD0002726F7 /* GameData.plist in Resources */ = {isa = PBXBuildFile; fileRef = F4EDC10F1C182FD0002726F7 /* GameData.plist */; settings = {ASSET_TAGS = (); }; };
/* End PBXBuildFile section */

/* Begin PBXContainerItemProxy section */
		B25A0FCE1C09C6D30011190E /* PBXContainerItemProxy */ = {
			isa = PBXContainerItemProxy;
			containerPortal = B25A0FAD1C09C6D30011190E /* Project object */;
			proxyType = 1;
			remoteGlobalIDString = B25A0FB41C09C6D30011190E;
			remoteInfo = Fruit;
		};
		B25A0FD91C09C6D30011190E /* PBXContainerItemProxy */ = {
			isa = PBXContainerItemProxy;
			containerPortal = B25A0FAD1C09C6D30011190E /* Project object */;
			proxyType = 1;
			remoteGlobalIDString = B25A0FB41C09C6D30011190E;
			remoteInfo = Fruit;
		};
/* End PBXContainerItemProxy section */

/* Begin PBXFileReference section */
		B25A0FB51C09C6D30011190E /* Fruit.app */ = {isa = PBXFileReference; explicitFileType = wrapper.application; includeInIndex = 0; path = Fruit.app; sourceTree = BUILT_PRODUCTS_DIR; };
		B25A0FB81C09C6D30011190E /* AppDelegate.swift */ = {isa = PBXFileReference; lastKnownFileType = sourcecode.swift; path = AppDelegate.swift; sourceTree = "<group>"; };
		B25A0FBA1C09C6D30011190E /* MenuScene.sks */ = {isa = PBXFileReference; lastKnownFileType = file.sks; path = MenuScene.sks; sourceTree = "<group>"; };
		B25A0FBC1C09C6D30011190E /* GameScene.swift */ = {isa = PBXFileReference; lastKnownFileType = sourcecode.swift; path = GameScene.swift; sourceTree = "<group>"; };
		B25A0FBE1C09C6D30011190E /* GameViewController.swift */ = {isa = PBXFileReference; lastKnownFileType = sourcecode.swift; path = GameViewController.swift; sourceTree = "<group>"; };
		B25A0FC11C09C6D30011190E /* Base */ = {isa = PBXFileReference; lastKnownFileType = file.storyboard; name = Base; path = Base.lproj/Main.storyboard; sourceTree = "<group>"; };
		B25A0FC31C09C6D30011190E /* Assets.xcassets */ = {isa = PBXFileReference; lastKnownFileType = folder.assetcatalog; path = Assets.xcassets; sourceTree = "<group>"; };
		B25A0FC61C09C6D30011190E /* Base */ = {isa = PBXFileReference; lastKnownFileType = file.storyboard; name = Base; path = Base.lproj/LaunchScreen.storyboard; sourceTree = "<group>"; };
		B25A0FC81C09C6D30011190E /* Info.plist */ = {isa = PBXFileReference; lastKnownFileType = text.plist.xml; path = Info.plist; sourceTree = "<group>"; };
		B25A0FCD1C09C6D30011190E /* FruitTests.xctest */ = {isa = PBXFileReference; explicitFileType = wrapper.cfbundle; includeInIndex = 0; path = FruitTests.xctest; sourceTree = BUILT_PRODUCTS_DIR; };
		B25A0FD11C09C6D30011190E /* FruitTests.swift */ = {isa = PBXFileReference; lastKnownFileType = sourcecode.swift; path = FruitTests.swift; sourceTree = "<group>"; };
		B25A0FD31C09C6D30011190E /* Info.plist */ = {isa = PBXFileReference; lastKnownFileType = text.plist.xml; path = Info.plist; sourceTree = "<group>"; };
		B25A0FD81C09C6D30011190E /* FruitUITests.xctest */ = {isa = PBXFileReference; explicitFileType = wrapper.cfbundle; includeInIndex = 0; path = FruitUITests.xctest; sourceTree = BUILT_PRODUCTS_DIR; };
		B25A0FDC1C09C6D30011190E /* FruitUITests.swift */ = {isa = PBXFileReference; lastKnownFileType = sourcecode.swift; path = FruitUITests.swift; sourceTree = "<group>"; };
		B25A0FDE1C09C6D30011190E /* Info.plist */ = {isa = PBXFileReference; lastKnownFileType = text.plist.xml; path = Info.plist; sourceTree = "<group>"; };
		B25A0FEB1C09CE9C0011190E /* explosion.caf */ = {isa = PBXFileReference; lastKnownFileType = file; name = explosion.caf; path = Content/explosion.caf; sourceTree = "<group>"; };
		B25A0FEC1C09CE9C0011190E /* launch.caf */ = {isa = PBXFileReference; lastKnownFileType = file; name = launch.caf; path = Content/launch.caf; sourceTree = "<group>"; };
		B25A0FF21C09CE9C0011190E /* sliceBombFuse.caf */ = {isa = PBXFileReference; lastKnownFileType = file; name = sliceBombFuse.caf; path = Content/sliceBombFuse.caf; sourceTree = "<group>"; };
		B25A0FF31C09CE9C0011190E /* sliceFuse.sks */ = {isa = PBXFileReference; lastKnownFileType = file.sks; path = sliceFuse.sks; sourceTree = "<group>"; };
		B25A0FF41C09CE9C0011190E /* sliceHitBomb.sks */ = {isa = PBXFileReference; lastKnownFileType = file.sks; path = sliceHitBomb.sks; sourceTree = "<group>"; };
		B25A0FF51C09CE9C0011190E /* sliceHitEnemy.sks */ = {isa = PBXFileReference; lastKnownFileType = file.sks; path = sliceHitEnemy.sks; sourceTree = "<group>"; };
		B25A0FFB1C09CE9C0011190E /* swoosh1.caf */ = {isa = PBXFileReference; lastKnownFileType = file; name = swoosh1.caf; path = Content/swoosh1.caf; sourceTree = "<group>"; };
		B25A0FFC1C09CE9C0011190E /* swoosh2.caf */ = {isa = PBXFileReference; lastKnownFileType = file; name = swoosh2.caf; path = Content/swoosh2.caf; sourceTree = "<group>"; };
		B25A0FFD1C09CE9C0011190E /* swoosh3.caf */ = {isa = PBXFileReference; lastKnownFileType = file; name = swoosh3.caf; path = Content/swoosh3.caf; sourceTree = "<group>"; };
		B25A0FFE1C09CE9C0011190E /* whack.caf */ = {isa = PBXFileReference; lastKnownFileType = file; name = whack.caf; path = Content/whack.caf; sourceTree = "<group>"; };
		B25A0FFF1C09CE9C0011190E /* wrong.caf */ = {isa = PBXFileReference; lastKnownFileType = file; name = wrong.caf; path = Content/wrong.caf; sourceTree = "<group>"; };
		B25A103F1C09D61B0011190E /* Constants.swift */ = {isa = PBXFileReference; fileEncoding = 4; lastKnownFileType = sourcecode.swift; path = Constants.swift; sourceTree = "<group>"; };
		B25D49CE1C11B10000AA63D6 /* RopeData1.plist */ = {isa = PBXFileReference; fileEncoding = 4; lastKnownFileType = text.plist.xml; path = RopeData1.plist; sourceTree = "<group>"; };
		B25D49D01C11B1FB00AA63D6 /* Rope.swift */ = {isa = PBXFileReference; fileEncoding = 4; lastKnownFileType = sourcecode.swift; path = Rope.swift; sourceTree = "<group>"; };
		B25D49D21C11BE6900AA63D6 /* RopeData2.plist */ = {isa = PBXFileReference; fileEncoding = 4; lastKnownFileType = text.plist.xml; path = RopeData2.plist; sourceTree = "<group>"; };
		B25D49D41C11CFB500AA63D6 /* Particle.sks */ = {isa = PBXFileReference; lastKnownFileType = file.sks; path = Particle.sks; sourceTree = "<group>"; };
		B25D49D61C11D01100AA63D6 /* Particle.png */ = {isa = PBXFileReference; lastKnownFileType = image.png; path = Particle.png; sourceTree = "<group>"; };
		B25D49D81C11D01C00AA63D6 /* Particle2.png */ = {isa = PBXFileReference; lastKnownFileType = image.png; path = Particle2.png; sourceTree = "<group>"; };
		B2F8B3591C0F0EDA00E5EEA1 /* Ref.swift */ = {isa = PBXFileReference; fileEncoding = 4; lastKnownFileType = sourcecode.swift; path = Ref.swift; sourceTree = "<group>"; };
		B2F8B35B1C0F337A00E5EEA1 /* test.sks */ = {isa = PBXFileReference; lastKnownFileType = file.sks; path = test.sks; sourceTree = "<group>"; };
		F489ED331C15794A00889676 /* Enemy.swift */ = {isa = PBXFileReference; fileEncoding = 4; lastKnownFileType = sourcecode.swift; path = Enemy.swift; sourceTree = "<group>"; };
		F489ED351C158C8300889676 /* Prize.swift */ = {isa = PBXFileReference; fileEncoding = 4; lastKnownFileType = sourcecode.swift; path = Prize.swift; sourceTree = "<group>"; };
		F489ED371C15AF5B00889676 /* background.sks */ = {isa = PBXFileReference; lastKnownFileType = file.sks; path = background.sks; sourceTree = "<group>"; };
		F4EDC1051C16EEF2002726F7 /* MenuScene.swift */ = {isa = PBXFileReference; fileEncoding = 4; lastKnownFileType = sourcecode.swift; path = MenuScene.swift; sourceTree = "<group>"; };
		F4EDC1091C16F7B6002726F7 /* AnimeNode.swift */ = {isa = PBXFileReference; fileEncoding = 4; lastKnownFileType = sourcecode.swift; path = AnimeNode.swift; sourceTree = "<group>"; };
		F4EDC10D1C1714DE002726F7 /* ButtonNode.swift */ = {isa = PBXFileReference; fileEncoding = 4; lastKnownFileType = sourcecode.swift; path = ButtonNode.swift; sourceTree = "<group>"; };
		F4EDC10F1C182FD0002726F7 /* GameData.plist */ = {isa = PBXFileReference; fileEncoding = 4; lastKnownFileType = text.plist.xml; path = GameData.plist; sourceTree = "<group>"; };
/* End PBXFileReference section */

/* Begin PBXFrameworksBuildPhase section */
		B25A0FB21C09C6D30011190E /* Frameworks */ = {
			isa = PBXFrameworksBuildPhase;
			buildActionMask = 2147483647;
			files = (
			);
			runOnlyForDeploymentPostprocessing = 0;
		};
		B25A0FCA1C09C6D30011190E /* Frameworks */ = {
			isa = PBXFrameworksBuildPhase;
			buildActionMask = 2147483647;
			files = (
			);
			runOnlyForDeploymentPostprocessing = 0;
		};
		B25A0FD51C09C6D30011190E /* Frameworks */ = {
			isa = PBXFrameworksBuildPhase;
			buildActionMask = 2147483647;
			files = (
			);
			runOnlyForDeploymentPostprocessing = 0;
		};
/* End PBXFrameworksBuildPhase section */

/* Begin PBXGroup section */
		B25A0FAC1C09C6D30011190E = {
			isa = PBXGroup;
			children = (
				B25A0FB71C09C6D30011190E /* Fruit */,
				B25A0FD01C09C6D30011190E /* FruitTests */,
				B25A0FDB1C09C6D30011190E /* FruitUITests */,
				B25A0FB61C09C6D30011190E /* Products */,
			);
			sourceTree = "<group>";
		};
		B25A0FB61C09C6D30011190E /* Products */ = {
			isa = PBXGroup;
			children = (
				B25A0FB51C09C6D30011190E /* Fruit.app */,
				B25A0FCD1C09C6D30011190E /* FruitTests.xctest */,
				B25A0FD81C09C6D30011190E /* FruitUITests.xctest */,
			);
			name = Products;
			sourceTree = "<group>";
		};
		B25A0FB71C09C6D30011190E /* Fruit */ = {
			isa = PBXGroup;
			children = (
				B25D49CC1C11B0CD00AA63D6 /* resources */,
				F489ED311C15342600889676 /* code */,
				B25A0FBA1C09C6D30011190E /* MenuScene.sks */,
				B25A0FC01C09C6D30011190E /* Main.storyboard */,
				B25A0FC51C09C6D30011190E /* LaunchScreen.storyboard */,
				B25A0FC81C09C6D30011190E /* Info.plist */,
			);
			path = Fruit;
			sourceTree = "<group>";
		};
		B25A0FD01C09C6D30011190E /* FruitTests */ = {
			isa = PBXGroup;
			children = (
				B25A0FD11C09C6D30011190E /* FruitTests.swift */,
				B25A0FD31C09C6D30011190E /* Info.plist */,
			);
			path = FruitTests;
			sourceTree = "<group>";
		};
		B25A0FDB1C09C6D30011190E /* FruitUITests */ = {
			isa = PBXGroup;
			children = (
				B25A0FDC1C09C6D30011190E /* FruitUITests.swift */,
				B25A0FDE1C09C6D30011190E /* Info.plist */,
			);
			path = FruitUITests;
			sourceTree = "<group>";
		};
		B25A0FEA1C09CE9C0011190E /* particle */ = {
			isa = PBXGroup;
			children = (
				F489ED371C15AF5B00889676 /* background.sks */,
				B25D49D61C11D01100AA63D6 /* Particle.png */,
				B25A0FF31C09CE9C0011190E /* sliceFuse.sks */,
				B25D49D81C11D01C00AA63D6 /* Particle2.png */,
				B2F8B35B1C0F337A00E5EEA1 /* test.sks */,
				B25D49D41C11CFB500AA63D6 /* Particle.sks */,
				B25A0FF41C09CE9C0011190E /* sliceHitBomb.sks */,
				B25A0FF51C09CE9C0011190E /* sliceHitEnemy.sks */,
			);
			name = particle;
			path = Content;
			sourceTree = "<group>";
		};
		B25D49CC1C11B0CD00AA63D6 /* resources */ = {
			isa = PBXGroup;
			children = (
				B25A0FEA1C09CE9C0011190E /* particle */,
				F489ED321C15345200889676 /* sound */,
				B25D49CD1C11B0E100AA63D6 /* Data */,
			);
			name = resources;
			sourceTree = "<group>";
		};
		B25D49CD1C11B0E100AA63D6 /* Data */ = {
			isa = PBXGroup;
			children = (
				F4EDC10F1C182FD0002726F7 /* GameData.plist */,
				B25D49CE1C11B10000AA63D6 /* RopeData1.plist */,
				B25D49D21C11BE6900AA63D6 /* RopeData2.plist */,
			);
			name = Data;
			sourceTree = "<group>";
		};
		F489ED311C15342600889676 /* code */ = {
			isa = PBXGroup;
			children = (
				B25A0FBE1C09C6D30011190E /* GameViewController.swift */,
				B25A0FB81C09C6D30011190E /* AppDelegate.swift */,
				F4EDC10D1C1714DE002726F7 /* ButtonNode.swift */,
				B25A0FBC1C09C6D30011190E /* GameScene.swift */,
				F4EDC1051C16EEF2002726F7 /* MenuScene.swift */,
				B25D49D01C11B1FB00AA63D6 /* Rope.swift */,
				F489ED331C15794A00889676 /* Enemy.swift */,
				F489ED351C158C8300889676 /* Prize.swift */,
				B2F8B3591C0F0EDA00E5EEA1 /* Ref.swift */,
				F4EDC1091C16F7B6002726F7 /* AnimeNode.swift */,
				B25A103F1C09D61B0011190E /* Constants.swift */,
				B25A0FC31C09C6D30011190E /* Assets.xcassets */,
			);
			name = code;
			sourceTree = "<group>";
		};
		F489ED321C15345200889676 /* sound */ = {
			isa = PBXGroup;
			children = (
				B25A0FEB1C09CE9C0011190E /* explosion.caf */,
				B25A0FF21C09CE9C0011190E /* sliceBombFuse.caf */,
				B25A0FEC1C09CE9C0011190E /* launch.caf */,
				B25A0FFB1C09CE9C0011190E /* swoosh1.caf */,
				B25A0FFC1C09CE9C0011190E /* swoosh2.caf */,
				B25A0FFD1C09CE9C0011190E /* swoosh3.caf */,
				B25A0FFE1C09CE9C0011190E /* whack.caf */,
				B25A0FFF1C09CE9C0011190E /* wrong.caf */,
			);
			name = sound;
			sourceTree = "<group>";
		};
/* End PBXGroup section */

/* Begin PBXNativeTarget section */
		B25A0FB41C09C6D30011190E /* Fruit */ = {
			isa = PBXNativeTarget;
			buildConfigurationList = B25A0FE11C09C6D30011190E /* Build configuration list for PBXNativeTarget "Fruit" */;
			buildPhases = (
				B25A0FB11C09C6D30011190E /* Sources */,
				B25A0FB21C09C6D30011190E /* Frameworks */,
				B25A0FB31C09C6D30011190E /* Resources */,
			);
			buildRules = (
			);
			dependencies = (
			);
			name = Fruit;
			productName = Fruit;
			productReference = B25A0FB51C09C6D30011190E /* Fruit.app */;
			productType = "com.apple.product-type.application";
		};
		B25A0FCC1C09C6D30011190E /* FruitTests */ = {
			isa = PBXNativeTarget;
			buildConfigurationList = B25A0FE41C09C6D30011190E /* Build configuration list for PBXNativeTarget "FruitTests" */;
			buildPhases = (
				B25A0FC91C09C6D30011190E /* Sources */,
				B25A0FCA1C09C6D30011190E /* Frameworks */,
				B25A0FCB1C09C6D30011190E /* Resources */,
			);
			buildRules = (
			);
			dependencies = (
				B25A0FCF1C09C6D30011190E /* PBXTargetDependency */,
			);
			name = FruitTests;
			productName = FruitTests;
			productReference = B25A0FCD1C09C6D30011190E /* FruitTests.xctest */;
			productType = "com.apple.product-type.bundle.unit-test";
		};
		B25A0FD71C09C6D30011190E /* FruitUITests */ = {
			isa = PBXNativeTarget;
			buildConfigurationList = B25A0FE71C09C6D30011190E /* Build configuration list for PBXNativeTarget "FruitUITests" */;
			buildPhases = (
				B25A0FD41C09C6D30011190E /* Sources */,
				B25A0FD51C09C6D30011190E /* Frameworks */,
				B25A0FD61C09C6D30011190E /* Resources */,
			);
			buildRules = (
			);
			dependencies = (
				B25A0FDA1C09C6D30011190E /* PBXTargetDependency */,
			);
			name = FruitUITests;
			productName = FruitUITests;
			productReference = B25A0FD81C09C6D30011190E /* FruitUITests.xctest */;
			productType = "com.apple.product-type.bundle.ui-testing";
		};
/* End PBXNativeTarget section */

/* Begin PBXProject section */
		B25A0FAD1C09C6D30011190E /* Project object */ = {
			isa = PBXProject;
			attributes = {
				LastUpgradeCheck = 0700;
				ORGANIZATIONNAME = "戢婧祎";
				TargetAttributes = {
					B25A0FB41C09C6D30011190E = {
						CreatedOnToolsVersion = 7.0.1;
					};
					B25A0FCC1C09C6D30011190E = {
						CreatedOnToolsVersion = 7.0.1;
						TestTargetID = B25A0FB41C09C6D30011190E;
					};
					B25A0FD71C09C6D30011190E = {
						CreatedOnToolsVersion = 7.0.1;
						TestTargetID = B25A0FB41C09C6D30011190E;
					};
				};
			};
			buildConfigurationList = B25A0FB01C09C6D30011190E /* Build configuration list for PBXProject "Fruit" */;
			compatibilityVersion = "Xcode 3.2";
			developmentRegion = English;
			hasScannedForEncodings = 0;
			knownRegions = (
				en,
				Base,
			);
			mainGroup = B25A0FAC1C09C6D30011190E;
			productRefGroup = B25A0FB61C09C6D30011190E /* Products */;
			projectDirPath = "";
			projectRoot = "";
			targets = (
				B25A0FB41C09C6D30011190E /* Fruit */,
				B25A0FCC1C09C6D30011190E /* FruitTests */,
				B25A0FD71C09C6D30011190E /* FruitUITests */,
			);
		};
/* End PBXProject section */

/* Begin PBXResourcesBuildPhase section */
		B25A0FB31C09C6D30011190E /* Resources */ = {
			isa = PBXResourcesBuildPhase;
			buildActionMask = 2147483647;
			files = (
				B25A10361C09CE9C0011190E /* swoosh3.caf in Resources */,
				B25A10151C09CE9C0011190E /* sliceBombFuse.caf in Resources */,
				B25D49D71C11D01100AA63D6 /* Particle.png in Resources */,
				B25A10331C09CE9C0011190E /* swoosh2.caf in Resources */,
				B25A0FBB1C09C6D30011190E /* MenuScene.sks in Resources */,
				B25A10031C09CE9C0011190E /* launch.caf in Resources */,
				B25D49D51C11CFB500AA63D6 /* Particle.sks in Resources */,
				B25D49D31C11BE6900AA63D6 /* RopeData2.plist in Resources */,
				B25A103C1C09CE9C0011190E /* wrong.caf in Resources */,
				B25A101B1C09CE9C0011190E /* sliceHitBomb.sks in Resources */,
				B2F8B35D1C0F337A00E5EEA1 /* test.sks in Resources */,
				F4EDC1101C182FD0002726F7 /* GameData.plist in Resources */,
				F489ED381C15AF5B00889676 /* background.sks in Resources */,
				B25D49CF1C11B10000AA63D6 /* RopeData1.plist in Resources */,
				B25A0FC71C09C6D30011190E /* LaunchScreen.storyboard in Resources */,
				B25A10001C09CE9C0011190E /* explosion.caf in Resources */,
				B25A0FC41C09C6D30011190E /* Assets.xcassets in Resources */,
				B25D49D91C11D01C00AA63D6 /* Particle2.png in Resources */,
				B25A10301C09CE9C0011190E /* swoosh1.caf in Resources */,
				B25A101E1C09CE9C0011190E /* sliceHitEnemy.sks in Resources */,
				B25A10181C09CE9C0011190E /* sliceFuse.sks in Resources */,
				B25A0FC21C09C6D30011190E /* Main.storyboard in Resources */,
				B25A10391C09CE9C0011190E /* whack.caf in Resources */,
			);
			runOnlyForDeploymentPostprocessing = 0;
		};
		B25A0FCB1C09C6D30011190E /* Resources */ = {
			isa = PBXResourcesBuildPhase;
			buildActionMask = 2147483647;
			files = (
				B25A10371C09CE9C0011190E /* swoosh3.caf in Resources */,
				B25A10011C09CE9C0011190E /* explosion.caf in Resources */,
				B25A103D1C09CE9C0011190E /* wrong.caf in Resources */,
				B25A101C1C09CE9C0011190E /* sliceHitBomb.sks in Resources */,
				B25A10161C09CE9C0011190E /* sliceBombFuse.caf in Resources */,
				B25A10311C09CE9C0011190E /* swoosh1.caf in Resources */,
				B25A103A1C09CE9C0011190E /* whack.caf in Resources */,
				B25A101F1C09CE9C0011190E /* sliceHitEnemy.sks in Resources */,
				B25A10341C09CE9C0011190E /* swoosh2.caf in Resources */,
				B25A10041C09CE9C0011190E /* launch.caf in Resources */,
				B25A10191C09CE9C0011190E /* sliceFuse.sks in Resources */,
			);
			runOnlyForDeploymentPostprocessing = 0;
		};
		B25A0FD61C09C6D30011190E /* Resources */ = {
			isa = PBXResourcesBuildPhase;
			buildActionMask = 2147483647;
			files = (
				B25A10381C09CE9C0011190E /* swoosh3.caf in Resources */,
				B25A10021C09CE9C0011190E /* explosion.caf in Resources */,
				B25A103E1C09CE9C0011190E /* wrong.caf in Resources */,
				B25A101D1C09CE9C0011190E /* sliceHitBomb.sks in Resources */,
				B25A10171C09CE9C0011190E /* sliceBombFuse.caf in Resources */,
				B25A10321C09CE9C0011190E /* swoosh1.caf in Resources */,
				B25A103B1C09CE9C0011190E /* whack.caf in Resources */,
				B25A10201C09CE9C0011190E /* sliceHitEnemy.sks in Resources */,
				B25A10351C09CE9C0011190E /* swoosh2.caf in Resources */,
				B25A10051C09CE9C0011190E /* launch.caf in Resources */,
				B25A101A1C09CE9C0011190E /* sliceFuse.sks in Resources */,
			);
			runOnlyForDeploymentPostprocessing = 0;
		};
/* End PBXResourcesBuildPhase section */

/* Begin PBXSourcesBuildPhase section */
		B25A0FB11C09C6D30011190E /* Sources */ = {
			isa = PBXSourcesBuildPhase;
			buildActionMask = 2147483647;
			files = (
				F489ED361C158C8300889676 /* Prize.swift in Sources */,
				F489ED341C15794A00889676 /* Enemy.swift in Sources */,
				B25A0FBD1C09C6D30011190E /* GameScene.swift in Sources */,
				F4EDC10A1C16F7B6002726F7 /* AnimeNode.swift in Sources */,
				B25D49D11C11B1FB00AA63D6 /* Rope.swift in Sources */,
				B25A0FBF1C09C6D30011190E /* GameViewController.swift in Sources */,
				B25A0FB91C09C6D30011190E /* AppDelegate.swift in Sources */,
				F4EDC1061C16EEF2002726F7 /* MenuScene.swift in Sources */,
				B25A10401C09D61B0011190E /* Constants.swift in Sources */,
				B2F8B35A1C0F0EDA00E5EEA1 /* Ref.swift in Sources */,
				F4EDC10E1C1714DE002726F7 /* ButtonNode.swift in Sources */,
			);
			runOnlyForDeploymentPostprocessing = 0;
		};
		B25A0FC91C09C6D30011190E /* Sources */ = {
			isa = PBXSourcesBuildPhase;
			buildActionMask = 2147483647;
			files = (
				B25A0FD21C09C6D30011190E /* FruitTests.swift in Sources */,
				B25A10411C09D61B0011190E /* Constants.swift in Sources */,
			);
			runOnlyForDeploymentPostprocessing = 0;
		};
		B25A0FD41C09C6D30011190E /* Sources */ = {
			isa = PBXSourcesBuildPhase;
			buildActionMask = 2147483647;
			files = (
				B25A0FDD1C09C6D30011190E /* FruitUITests.swift in Sources */,
				B25A10421C09D61B0011190E /* Constants.swift in Sources */,
			);
			runOnlyForDeploymentPostprocessing = 0;
		};
/* End PBXSourcesBuildPhase section */

/* Begin PBXTargetDependency section */
		B25A0FCF1C09C6D30011190E /* PBXTargetDependency */ = {
			isa = PBXTargetDependency;
			target = B25A0FB41C09C6D30011190E /* Fruit */;
			targetProxy = B25A0FCE1C09C6D30011190E /* PBXContainerItemProxy */;
		};
		B25A0FDA1C09C6D30011190E /* PBXTargetDependency */ = {
			isa = PBXTargetDependency;
			target = B25A0FB41C09C6D30011190E /* Fruit */;
			targetProxy = B25A0FD91C09C6D30011190E /* PBXContainerItemProxy */;
		};
/* End PBXTargetDependency section */

/* Begin PBXVariantGroup section */
		B25A0FC01C09C6D30011190E /* Main.storyboard */ = {
			isa = PBXVariantGroup;
			children = (
				B25A0FC11C09C6D30011190E /* Base */,
			);
			name = Main.storyboard;
			sourceTree = "<group>";
		};
		B25A0FC51C09C6D30011190E /* LaunchScreen.storyboard */ = {
			isa = PBXVariantGroup;
			children = (
				B25A0FC61C09C6D30011190E /* Base */,
			);
			name = LaunchScreen.storyboard;
			sourceTree = "<group>";
		};
/* End PBXVariantGroup section */

/* Begin XCBuildConfiguration section */
		B25A0FDF1C09C6D30011190E /* Debug */ = {
			isa = XCBuildConfiguration;
			buildSettings = {
				ALWAYS_SEARCH_USER_PATHS = NO;
				CLANG_CXX_LANGUAGE_STANDARD = "gnu++0x";
				CLANG_CXX_LIBRARY = "libc++";
				CLANG_ENABLE_MODULES = YES;
				CLANG_ENABLE_OBJC_ARC = YES;
				CLANG_WARN_BOOL_CONVERSION = YES;
				CLANG_WARN_CONSTANT_CONVERSION = YES;
				CLANG_WARN_DIRECT_OBJC_ISA_USAGE = YES_ERROR;
				CLANG_WARN_EMPTY_BODY = YES;
				CLANG_WARN_ENUM_CONVERSION = YES;
				CLANG_WARN_INT_CONVERSION = YES;
				CLANG_WARN_OBJC_ROOT_CLASS = YES_ERROR;
				CLANG_WARN_UNREACHABLE_CODE = YES;
				CLANG_WARN__DUPLICATE_METHOD_MATCH = YES;
				"CODE_SIGN_IDENTITY[sdk=iphoneos*]" = "iPhone Developer";
				COPY_PHASE_STRIP = NO;
				DEBUG_INFORMATION_FORMAT = "dwarf-with-dsym";
				ENABLE_STRICT_OBJC_MSGSEND = YES;
				ENABLE_TESTABILITY = YES;
				GCC_C_LANGUAGE_STANDARD = gnu99;
				GCC_DYNAMIC_NO_PIC = NO;
				GCC_NO_COMMON_BLOCKS = YES;
				GCC_OPTIMIZATION_LEVEL = 0;
				GCC_PREPROCESSOR_DEFINITIONS = (
					"DEBUG=1",
					"$(inherited)",
				);
				GCC_WARN_64_TO_32_BIT_CONVERSION = YES;
				GCC_WARN_ABOUT_RETURN_TYPE = YES_ERROR;
				GCC_WARN_UNDECLARED_SELECTOR = YES;
				GCC_WARN_UNINITIALIZED_AUTOS = YES_AGGRESSIVE;
				GCC_WARN_UNUSED_FUNCTION = YES;
				GCC_WARN_UNUSED_VARIABLE = YES;
				IPHONEOS_DEPLOYMENT_TARGET = 9.0;
				MTL_ENABLE_DEBUG_INFO = YES;
				ONLY_ACTIVE_ARCH = YES;
				SDKROOT = iphoneos;
				SWIFT_OPTIMIZATION_LEVEL = "-Onone";
				TARGETED_DEVICE_FAMILY = 2;
			};
			name = Debug;
		};
		B25A0FE01C09C6D30011190E /* Release */ = {
			isa = XCBuildConfiguration;
			buildSettings = {
				ALWAYS_SEARCH_USER_PATHS = NO;
				CLANG_CXX_LANGUAGE_STANDARD = "gnu++0x";
				CLANG_CXX_LIBRARY = "libc++";
				CLANG_ENABLE_MODULES = YES;
				CLANG_ENABLE_OBJC_ARC = YES;
				CLANG_WARN_BOOL_CONVERSION = YES;
				CLANG_WARN_CONSTANT_CONVERSION = YES;
				CLANG_WARN_DIRECT_OBJC_ISA_USAGE = YES_ERROR;
				CLANG_WARN_EMPTY_BODY = YES;
				CLANG_WARN_ENUM_CONVERSION = YES;
				CLANG_WARN_INT_CONVERSION = YES;
				CLANG_WARN_OBJC_ROOT_CLASS = YES_ERROR;
				CLANG_WARN_UNREACHABLE_CODE = YES;
				CLANG_WARN__DUPLICATE_METHOD_MATCH = YES;
				"CODE_SIGN_IDENTITY[sdk=iphoneos*]" = "iPhone Developer";
				COPY_PHASE_STRIP = NO;
				DEBUG_INFORMATION_FORMAT = "dwarf-with-dsym";
				ENABLE_NS_ASSERTIONS = NO;
				ENABLE_STRICT_OBJC_MSGSEND = YES;
				GCC_C_LANGUAGE_STANDARD = gnu99;
				GCC_NO_COMMON_BLOCKS = YES;
				GCC_WARN_64_TO_32_BIT_CONVERSION = YES;
				GCC_WARN_ABOUT_RETURN_TYPE = YES_ERROR;
				GCC_WARN_UNDECLARED_SELECTOR = YES;
				GCC_WARN_UNINITIALIZED_AUTOS = YES_AGGRESSIVE;
				GCC_WARN_UNUSED_FUNCTION = YES;
				GCC_WARN_UNUSED_VARIABLE = YES;
				IPHONEOS_DEPLOYMENT_TARGET = 9.0;
				MTL_ENABLE_DEBUG_INFO = NO;
				SDKROOT = iphoneos;
				TARGETED_DEVICE_FAMILY = 2;
				VALIDATE_PRODUCT = YES;
			};
			name = Release;
		};
		B25A0FE21C09C6D30011190E /* Debug */ = {
			isa = XCBuildConfiguration;
			buildSettings = {
				ASSETCATALOG_COMPILER_APPICON_NAME = AppIcon;
				INFOPLIST_FILE = Fruit/Info.plist;
				LD_RUNPATH_SEARCH_PATHS = "$(inherited) @executable_path/Frameworks";
				PRODUCT_BUNDLE_IDENTIFIER = hk.hku.cs.Fruit;
				PRODUCT_NAME = "$(TARGET_NAME)";
				TARGETED_DEVICE_FAMILY = 2;
			};
			name = Debug;
		};
		B25A0FE31C09C6D30011190E /* Release */ = {
			isa = XCBuildConfiguration;
			buildSettings = {
				ASSETCATALOG_COMPILER_APPICON_NAME = AppIcon;
				INFOPLIST_FILE = Fruit/Info.plist;
				LD_RUNPATH_SEARCH_PATHS = "$(inherited) @executable_path/Frameworks";
				PRODUCT_BUNDLE_IDENTIFIER = hk.hku.cs.Fruit;
				PRODUCT_NAME = "$(TARGET_NAME)";
				TARGETED_DEVICE_FAMILY = 2;
			};
			name = Release;
		};
		B25A0FE51C09C6D30011190E /* Debug */ = {
			isa = XCBuildConfiguration;
			buildSettings = {
				BUNDLE_LOADER = "$(TEST_HOST)";
				DEBUG_INFORMATION_FORMAT = dwarf;
				INFOPLIST_FILE = FruitTests/Info.plist;
				LD_RUNPATH_SEARCH_PATHS = "$(inherited) @executable_path/Frameworks @loader_path/Frameworks";
				PRODUCT_BUNDLE_IDENTIFIER = hk.hku.cs.FruitTests;
				PRODUCT_NAME = "$(TARGET_NAME)";
				TEST_HOST = "$(BUILT_PRODUCTS_DIR)/Fruit.app/Fruit";
			};
			name = Debug;
		};
		B25A0FE61C09C6D30011190E /* Release */ = {
			isa = XCBuildConfiguration;
			buildSettings = {
				BUNDLE_LOADER = "$(TEST_HOST)";
				INFOPLIST_FILE = FruitTests/Info.plist;
				LD_RUNPATH_SEARCH_PATHS = "$(inherited) @executable_path/Frameworks @loader_path/Frameworks";
				PRODUCT_BUNDLE_IDENTIFIER = hk.hku.cs.FruitTests;
				PRODUCT_NAME = "$(TARGET_NAME)";
				TEST_HOST = "$(BUILT_PRODUCTS_DIR)/Fruit.app/Fruit";
			};
			name = Release;
		};
		B25A0FE81C09C6D30011190E /* Debug */ = {
			isa = XCBuildConfiguration;
			buildSettings = {
				DEBUG_INFORMATION_FORMAT = dwarf;
				INFOPLIST_FILE = FruitUITests/Info.plist;
				LD_RUNPATH_SEARCH_PATHS = "$(inherited) @executable_path/Frameworks @loader_path/Frameworks";
				PRODUCT_BUNDLE_IDENTIFIER = hk.hku.cs.FruitUITests;
				PRODUCT_NAME = "$(TARGET_NAME)";
				TEST_TARGET_NAME = Fruit;
				USES_XCTRUNNER = YES;
			};
			name = Debug;
		};
		B25A0FE91C09C6D30011190E /* Release */ = {
			isa = XCBuildConfiguration;
			buildSettings = {
				INFOPLIST_FILE = FruitUITests/Info.plist;
				LD_RUNPATH_SEARCH_PATHS = "$(inherited) @executable_path/Frameworks @loader_path/Frameworks";
				PRODUCT_BUNDLE_IDENTIFIER = hk.hku.cs.FruitUITests;
				PRODUCT_NAME = "$(TARGET_NAME)";
				TEST_TARGET_NAME = Fruit;
				USES_XCTRUNNER = YES;
			};
			name = Release;
		};
/* End XCBuildConfiguration section */

/* Begin XCConfigurationList section */
		B25A0FB01C09C6D30011190E /* Build configuration list for PBXProject "Fruit" */ = {
			isa = XCConfigurationList;
			buildConfigurations = (
				B25A0FDF1C09C6D30011190E /* Debug */,
				B25A0FE01C09C6D30011190E /* Release */,
			);
			defaultConfigurationIsVisible = 0;
			defaultConfigurationName = Release;
		};
		B25A0FE11C09C6D30011190E /* Build configuration list for PBXNativeTarget "Fruit" */ = {
			isa = XCConfigurationList;
			buildConfigurations = (
				B25A0FE21C09C6D30011190E /* Debug */,
				B25A0FE31C09C6D30011190E /* Release */,
			);
			defaultConfigurationIsVisible = 0;
			defaultConfigurationName = Release;
		};
		B25A0FE41C09C6D30011190E /* Build configuration list for PBXNativeTarget "FruitTests" */ = {
			isa = XCConfigurationList;
			buildConfigurations = (
				B25A0FE51C09C6D30011190E /* Debug */,
				B25A0FE61C09C6D30011190E /* Release */,
			);
			defaultConfigurationIsVisible = 0;
			defaultConfigurationName = Release;
		};
		B25A0FE71C09C6D30011190E /* Build configuration list for PBXNativeTarget "FruitUITests" */ = {
			isa = XCConfigurationList;
			buildConfigurations = (
				B25A0FE81C09C6D30011190E /* Debug */,
				B25A0FE91C09C6D30011190E /* Release */,
			);
			defaultConfigurationIsVisible = 0;
			defaultConfigurationName = Release;
		};
/* End XCConfigurationList section */
	};
	rootObject = B25A0FAD1C09C6D30011190E /* Project object */;
}
